
Microsoft Visual Studio Solution File, Format Version 12.00
# Visual Studio 15
VisualStudioVersion = 15.0.26124.0
MinimumVisualStudioVersion = 15.0.26124.0
Project("{FAE04EC0-301F-11D3-BF4B-00C04F79EFBC}") = "PrimeFactors", "PrimeFactors.csproj", "{2D959693-FA0C-43B0-9D4D-3A7F8AEE2E80}"
EndProject
Project("{FAE04EC0-301F-11D3-BF4B-00C04F79EFBC}") = "PrimeFactorsTest", "PrimeFactorsTest\PrimeFactorsTest.csproj", "{DA551BFB-4A7A-4C98-8C8D-8743EE4AC3E8}"
EndProject
Global
	GlobalSection(SolutionConfigurationPlatforms) = preSolution
		Debug|Any CPU = Debug|Any CPU
		Debug|x64 = Debug|x64
		Debug|x86 = Debug|x86
		Release|Any CPU = Release|Any CPU
		Release|x64 = Release|x64
		Release|x86 = Release|x86
	EndGlobalSection
	GlobalSection(SolutionProperties) = preSolution
		HideSolutionNode = FALSE
	EndGlobalSection
	GlobalSection(ProjectConfigurationPlatforms) = postSolution
		{2D959693-FA0C-43B0-9D4D-3A7F8AEE2E80}.Debug|Any CPU.ActiveCfg = Debug|Any CPU
		{2D959693-FA0C-43B0-9D4D-3A7F8AEE2E80}.Debug|Any CPU.Build.0 = Debug|Any CPU
		{2D959693-FA0C-43B0-9D4D-3A7F8AEE2E80}.Debug|x64.ActiveCfg = Debug|Any CPU
		{2D959693-FA0C-43B0-9D4D-3A7F8AEE2E80}.Debug|x64.Build.0 = Debug|Any CPU
		{2D959693-FA0C-43B0-9D4D-3A7F8AEE2E80}.Debug|x86.ActiveCfg = Debug|Any CPU
		{2D959693-FA0C-43B0-9D4D-3A7F8AEE2E80}.Debug|x86.Build.0 = Debug|Any CPU
		{2D959693-FA0C-43B0-9D4D-3A7F8AEE2E80}.Release|Any CPU.ActiveCfg = Release|Any CPU
		{2D959693-FA0C-43B0-9D4D-3A7F8AEE2E80}.Release|Any CPU.Build.0 = Release|Any CPU
		{2D959693-FA0C-43B0-9D4D-3A7F8AEE2E80}.Release|x64.ActiveCfg = Release|Any CPU
		{2D959693-FA0C-43B0-9D4D-3A7F8AEE2E80}.Release|x64.Build.0 = Release|Any CPU
		{2D959693-FA0C-43B0-9D4D-3A7F8AEE2E80}.Release|x86.ActiveCfg = Release|Any CPU
		{2D959693-FA0C-43B0-9D4D-3A7F8AEE2E80}.Release|x86.Build.0 = Release|Any CPU
		{DA551BFB-4A7A-4C98-8C8D-8743EE4AC3E8}.Debug|Any CPU.ActiveCfg = Debug|Any CPU
		{DA551BFB-4A7A-4C98-8C8D-8743EE4AC3E8}.Debug|Any CPU.Build.0 = Debug|Any CPU
		{DA551BFB-4A7A-4C98-8C8D-8743EE4AC3E8}.Debug|x64.ActiveCfg = Debug|Any CPU
		{DA551BFB-4A7A-4C98-8C8D-8743EE4AC3E8}.Debug|x64.Build.0 = Debug|Any CPU
		{DA551BFB-4A7A-4C98-8C8D-8743EE4AC3E8}.Debug|x86.ActiveCfg = Debug|Any CPU
		{DA551BFB-4A7A-4C98-8C8D-8743EE4AC3E8}.Debug|x86.Build.0 = Debug|Any CPU
		{DA551BFB-4A7A-4C98-8C8D-8743EE4AC3E8}.Release|Any CPU.ActiveCfg = Release|Any CPU
		{DA551BFB-4A7A-4C98-8C8D-8743EE4AC3E8}.Release|Any CPU.Build.0 = Release|Any CPU
		{DA551BFB-4A7A-4C98-8C8D-8743EE4AC3E8}.Release|x64.ActiveCfg = Release|Any CPU
		{DA551BFB-4A7A-4C98-8C8D-8743EE4AC3E8}.Release|x64.Build.0 = Release|Any CPU
		{DA551BFB-4A7A-4C98-8C8D-8743EE4AC3E8}.Release|x86.ActiveCfg = Release|Any CPU
		{DA551BFB-4A7A-4C98-8C8D-8743EE4AC3E8}.Release|x86.Build.0 = Release|Any CPU
	EndGlobalSection
EndGlobal
